
Microsoft Visual Studio Solution File, Format Version 12.00
# Visual Studio 15
VisualStudioVersion = 15.0.27703.2035
MinimumVisualStudioVersion = 10.0.40219.1
Project("{FAE04EC0-301F-11D3-BF4B-00C04F79EFBC}") = "petlaRysujacaTrojkat", "petlaRysujacaTrojkat\petlaRysujacaTrojkat.csproj", "{DDFCB61F-7812-4F23-93CB-FD0594B7F2E8}"
EndProject
Global
	GlobalSection(SolutionConfigurationPlatforms) = preSolution
		Debug|Any CPU = Debug|Any CPU
		Release|Any CPU = Release|Any CPU
	EndGlobalSection
	GlobalSection(ProjectConfigurationPlatforms) = postSolution
		{DDFCB61F-7812-4F23-93CB-FD0594B7F2E8}.Debug|Any CPU.ActiveCfg = Debug|Any CPU
		{DDFCB61F-7812-4F23-93CB-FD0594B7F2E8}.Debug|Any CPU.Build.0 = Debug|Any CPU
		{DDFCB61F-7812-4F23-93CB-FD0594B7F2E8}.Release|Any CPU.ActiveCfg = Release|Any CPU
		{DDFCB61F-7812-4F23-93CB-FD0594B7F2E8}.Release|Any CPU.Build.0 = Release|Any CPU
	EndGlobalSection
	GlobalSection(SolutionProperties) = preSolution
		HideSolutionNode = FALSE
	EndGlobalSection
	GlobalSection(ExtensibilityGlobals) = postSolution
		SolutionGuid = {E255C026-627F-4F83-813B-25354359F9E8}
	EndGlobalSection
EndGlobal
